
Microsoft Visual Studio Solution File, Format Version 12.00
# Visual Studio Version 16
VisualStudioVersion = 16.0.29215.179
MinimumVisualStudioVersion = 10.0.40219.1
Project("{FAE04EC0-301F-11D3-BF4B-00C04F79EFBC}") = "Bebidas.ConsoleApp", "Bebidas.ConsoleApp\Bebidas.ConsoleApp.csproj", "{4F581F4B-6956-47B7-9B62-A64445D4306A}"
EndProject
Project("{FAE04EC0-301F-11D3-BF4B-00C04F79EFBC}") = "WindowsApp", "WindowsApp\WindowsApp.csproj", "{7839331B-7E9F-47F0-91E5-5C0FFC2493D6}"
EndProject
Project("{FAE04EC0-301F-11D3-BF4B-00C04F79EFBC}") = "Dados", "Dados\Dados.csproj", "{938ED50A-0551-425D-B67F-DAA1A94B5EFE}"
EndProject
Project("{FAE04EC0-301F-11D3-BF4B-00C04F79EFBC}") = "WebAppWebForms", "WebAppWebForms\WebAppWebForms.csproj", "{7E1364FA-0491-47B0-970C-B9C5C8D8B1EF}"
EndProject
Global
	GlobalSection(SolutionConfigurationPlatforms) = preSolution
		Debug|Any CPU = Debug|Any CPU
		Release|Any CPU = Release|Any CPU
	EndGlobalSection
	GlobalSection(ProjectConfigurationPlatforms) = postSolution
		{4F581F4B-6956-47B7-9B62-A64445D4306A}.Debug|Any CPU.ActiveCfg = Debug|Any CPU
		{4F581F4B-6956-47B7-9B62-A64445D4306A}.Debug|Any CPU.Build.0 = Debug|Any CPU
		{4F581F4B-6956-47B7-9B62-A64445D4306A}.Release|Any CPU.ActiveCfg = Release|Any CPU
		{4F581F4B-6956-47B7-9B62-A64445D4306A}.Release|Any CPU.Build.0 = Release|Any CPU
		{7839331B-7E9F-47F0-91E5-5C0FFC2493D6}.Debug|Any CPU.ActiveCfg = Debug|Any CPU
		{7839331B-7E9F-47F0-91E5-5C0FFC2493D6}.Debug|Any CPU.Build.0 = Debug|Any CPU
		{7839331B-7E9F-47F0-91E5-5C0FFC2493D6}.Release|Any CPU.ActiveCfg = Release|Any CPU
		{7839331B-7E9F-47F0-91E5-5C0FFC2493D6}.Release|Any CPU.Build.0 = Release|Any CPU
		{938ED50A-0551-425D-B67F-DAA1A94B5EFE}.Debug|Any CPU.ActiveCfg = Debug|Any CPU
		{938ED50A-0551-425D-B67F-DAA1A94B5EFE}.Debug|Any CPU.Build.0 = Debug|Any CPU
		{938ED50A-0551-425D-B67F-DAA1A94B5EFE}.Release|Any CPU.ActiveCfg = Release|Any CPU
		{938ED50A-0551-425D-B67F-DAA1A94B5EFE}.Release|Any CPU.Build.0 = Release|Any CPU
		{7E1364FA-0491-47B0-970C-B9C5C8D8B1EF}.Debug|Any CPU.ActiveCfg = Debug|Any CPU
		{7E1364FA-0491-47B0-970C-B9C5C8D8B1EF}.Debug|Any CPU.Build.0 = Debug|Any CPU
		{7E1364FA-0491-47B0-970C-B9C5C8D8B1EF}.Release|Any CPU.ActiveCfg = Release|Any CPU
		{7E1364FA-0491-47B0-970C-B9C5C8D8B1EF}.Release|Any CPU.Build.0 = Release|Any CPU
	EndGlobalSection
	GlobalSection(SolutionProperties) = preSolution
		HideSolutionNode = FALSE
	EndGlobalSection
	GlobalSection(ExtensibilityGlobals) = postSolution
		SolutionGuid = {01DE3849-38B6-4B71-8276-1631FC57B0D3}
	EndGlobalSection
EndGlobal
